
Microsoft Visual Studio Solution File, Format Version 12.00
# Visual Studio Version 18
VisualStudioVersion = 18.7.11911.148
MinimumVisualStudioVersion = 10.0.40219.1
Project("{2150E333-8FDC-42A3-9474-1A3956D46DE8}") = "Server", "Server", "{2A5E4899-3EA6-46E6-B79D-ADEDE7EA5348}"
EndProject
Project("{2150E333-8FDC-42A3-9474-1A3956D46DE8}") = "Client", "Client", "{02217D61-9364-4118-989A-D19AAA270FEF}"
EndProject
Project("{FAE04EC0-301F-11D3-BF4B-00C04F79EFBC}") = "ByteCodePlatform.Client", "Client\ByteCodePlatform.Client\ByteCodePlatform.Client.csproj", "{8A755DDE-8D1F-4177-9438-F9DD82CAB081}"
EndProject
Project("{2150E333-8FDC-42A3-9474-1A3956D46DE8}") = "Services", "Services", "{9D52F980-2D9C-4BE6-AF0A-259887208C76}"
EndProject
Project("{FAE04EC0-301F-11D3-BF4B-00C04F79EFBC}") = "BusinessCardProject.Services.PaymentService", "Services\BusinessCardProject.Services.PaymentService\BusinessCardProject.Services.PaymentService.csproj", "{8B46E7BE-C3FE-4E88-AE90-0155482F6AA6}"
EndProject
Project("{2150E333-8FDC-42A3-9474-1A3956D46DE8}") = "GlobalContractuals", "GlobalContractuals", "{4B4D83F9-A9A1-4C38-8C52-31F8A35F8754}"
EndProject
Project("{2150E333-8FDC-42A3-9474-1A3956D46DE8}") = "Core", "Core", "{F93FFD62-7063-4C90-8011-EC653E24711F}"
EndProject
Project("{2150E333-8FDC-42A3-9474-1A3956D46DE8}") = "Application", "Application", "{F7CB6C21-A61C-4071-ADBA-DDFFC08B1BBE}"
EndProject
Project("{2150E333-8FDC-42A3-9474-1A3956D46DE8}") = "Domain", "Domain", "{9CA510F8-6762-4CC7-91C5-8E1F20F8A75B}"
EndProject
Project("{2150E333-8FDC-42A3-9474-1A3956D46DE8}") = "Infrastructure", "Infrastructure", "{667A1453-747F-471E-8433-07D5308F458D}"
EndProject
Project("{2150E333-8FDC-42A3-9474-1A3956D46DE8}") = "Presentation", "Presentation", "{AA3A0559-BFA5-4695-984F-FA1235976C06}"
EndProject
Project("{FAE04EC0-301F-11D3-BF4B-00C04F79EFBC}") = "ByteCodePlatform.Domain", "ByteCodePlatform.Domain\ByteCodePlatform.Domain.csproj", "{587E70A3-5581-49B0-ACC7-BE7799551F3C}"
EndProject
Project("{FAE04EC0-301F-11D3-BF4B-00C04F79EFBC}") = "ByteCodePlatform.Application", "ByteCodePlatform.Application\ByteCodePlatform.Application.csproj", "{56785126-8A57-4ED3-897E-8240400F4857}"
EndProject
Project("{FAE04EC0-301F-11D3-BF4B-00C04F79EFBC}") = "ByteCodePlatform.Infrastructure", "ByteCodePlatform.Infrastructure\ByteCodePlatform.Infrastructure.csproj", "{FA135579-4A37-4C4B-9580-325A648EAB40}"
EndProject
Project("{FAE04EC0-301F-11D3-BF4B-00C04F79EFBC}") = "ByteCodePlatform.API", "ByteCodePlatform.API\ByteCodePlatform.API.csproj", "{E53D4FED-0626-4866-B500-D001AA8FC186}"
EndProject
Project("{FAE04EC0-301F-11D3-BF4B-00C04F79EFBC}") = "Dtos", "ContractualDTOs\Dtos\Dtos.csproj", "{B498A395-9710-4F98-AC7E-B1140A7C51A1}"
EndProject
Project("{FAE04EC0-301F-11D3-BF4B-00C04F79EFBC}") = "Requests", "ContractualDTOs\Requests\Requests.csproj", "{A1062CBF-E476-4503-82EF-239A82CA7EA7}"
EndProject
Project("{2150E333-8FDC-42A3-9474-1A3956D46DE8}") = "AuthService", "AuthService", "{EC251316-87EA-4AE4-917D-42C5E3D27452}"
EndProject
Project("{FAE04EC0-301F-11D3-BF4B-00C04F79EFBC}") = "Services.AuthService.Domain", "Services.AuthService.Domain\Services.AuthService.Domain.csproj", "{5C80A24F-E673-4E73-8AA3-F520BE9DA34D}"
EndProject
Project("{FAE04EC0-301F-11D3-BF4B-00C04F79EFBC}") = "Services.AuthService.Application", "Services.AuthService.Application\Services.AuthService.Application.csproj", "{3B18E168-E2B7-4212-B777-15CB5B9C1214}"
EndProject
Project("{FAE04EC0-301F-11D3-BF4B-00C04F79EFBC}") = "Services.AuthService.Infrastructure", "Services.AuthService.Infrastructure\Services.AuthService.Infrastructure.csproj", "{44063821-92CD-4582-8CFE-FC45F17F7427}"
EndProject
Project("{FAE04EC0-301F-11D3-BF4B-00C04F79EFBC}") = "Services.AuthService.Presentation", "Services.AuthService.Presentation\Services.AuthService.Presentation.csproj", "{0F912251-3651-45F5-8807-5982EA10038C}"
EndProject
Project("{FAE04EC0-301F-11D3-BF4B-00C04F79EFBC}") = "ByteCodePlatform.Admin", "Client\ByteCodePlatform.Admin\ByteCodePlatform.Admin.csproj", "{603F84E8-3AFD-4296-9ECC-252A2B29670C}"
EndProject
Project("{2150E333-8FDC-42A3-9474-1A3956D46DE8}") = "MailService", "MailService", "{7223A21E-EC80-419A-9D2C-BC4D3AFDDF12}"
	ProjectSection(SolutionItems) = preProject
		ReadMe.txt = ReadMe.txt
	EndProjectSection
EndProject
Project("{FAE04EC0-301F-11D3-BF4B-00C04F79EFBC}") = "Services.MailService.Domain", "Services.MailService.Domain\Services.MailService.Domain.csproj", "{26865BF8-6531-4E44-BCEF-7C993B69E256}"
EndProject
Project("{FAE04EC0-301F-11D3-BF4B-00C04F79EFBC}") = "Services.MailService.Application", "Services.MailService.Application\Services.MailService.Application.csproj", "{7A40338B-A111-43A7-A090-5225191EFAF2}"
EndProject
Project("{FAE04EC0-301F-11D3-BF4B-00C04F79EFBC}") = "Services.MailService.Infrastructure", "Services.MailService.Infrastructure\Services.MailService.Infrastructure.csproj", "{6DB190C0-8131-4849-A542-11F1BA6E861E}"
EndProject
Project("{FAE04EC0-301F-11D3-BF4B-00C04F79EFBC}") = "Services.MailService.Presentation", "Services.MailService.Presentation\Services.MailService.Presentation.csproj", "{94AF7856-D8A0-4E9E-882D-B5A5EAFAC520}"
EndProject
Project("{2150E333-8FDC-42A3-9474-1A3956D46DE8}") = "FileService", "FileService", "{B56A69C7-E4A5-45A4-9C58-99993343B023}"
EndProject
Project("{FAE04EC0-301F-11D3-BF4B-00C04F79EFBC}") = "Enums", "Enums\Enums.csproj", "{AFC4D9D4-8B73-47B2-97ED-816E9D360F00}"
EndProject
Project("{FAE04EC0-301F-11D3-BF4B-00C04F79EFBC}") = "Services.FileService.Application", "Services.FileService.Application\Services.FileService.Application.csproj", "{CAC59358-7867-430A-93F6-9803BDC2CD6B}"
EndProject
Project("{FAE04EC0-301F-11D3-BF4B-00C04F79EFBC}") = "Services.FileService.Domain", "Services.FileService.Domain\Services.FileService.Domain.csproj", "{C3804FB6-DE58-48B6-8B37-FCFE39C0B97F}"
EndProject
Project("{FAE04EC0-301F-11D3-BF4B-00C04F79EFBC}") = "Services.FileService.Infrastructure", "Services.FileService.Infrastructure\Services.FileService.Infrastructure.csproj", "{7748B51E-9AD0-456B-B9A2-2E3BCB99C65A}"
EndProject
Project("{FAE04EC0-301F-11D3-BF4B-00C04F79EFBC}") = "Services.FileService.Presentation", "Services.FileService.Presentation\Services.FileService.Presentation.csproj", "{D68E8F49-4F2B-43A1-BFF2-BAB6EBB171B8}"
EndProject
Project("{FAE04EC0-301F-11D3-BF4B-00C04F79EFBC}") = "Protos", "Protos\Protos.csproj", "{031A4CD6-EEDB-4B79-9539-B195AAFBDB00}"
EndProject
Global
	GlobalSection(SolutionConfigurationPlatforms) = preSolution
		Debug|Any CPU = Debug|Any CPU
		Release|Any CPU = Release|Any CPU
	EndGlobalSection
	GlobalSection(ProjectConfigurationPlatforms) = postSolution
		{8A755DDE-8D1F-4177-9438-F9DD82CAB081}.Debug|Any CPU.ActiveCfg = Debug|Any CPU
		{8A755DDE-8D1F-4177-9438-F9DD82CAB081}.Debug|Any CPU.Build.0 = Debug|Any CPU
		{8A755DDE-8D1F-4177-9438-F9DD82CAB081}.Release|Any CPU.ActiveCfg = Release|Any CPU
		{8A755DDE-8D1F-4177-9438-F9DD82CAB081}.Release|Any CPU.Build.0 = Release|Any CPU
		{8B46E7BE-C3FE-4E88-AE90-0155482F6AA6}.Debug|Any CPU.ActiveCfg = Debug|Any CPU
		{8B46E7BE-C3FE-4E88-AE90-0155482F6AA6}.Debug|Any CPU.Build.0 = Debug|Any CPU
		{8B46E7BE-C3FE-4E88-AE90-0155482F6AA6}.Release|Any CPU.ActiveCfg = Release|Any CPU
		{8B46E7BE-C3FE-4E88-AE90-0155482F6AA6}.Release|Any CPU.Build.0 = Release|Any CPU
		{587E70A3-5581-49B0-ACC7-BE7799551F3C}.Debug|Any CPU.ActiveCfg = Debug|Any CPU
		{587E70A3-5581-49B0-ACC7-BE7799551F3C}.Debug|Any CPU.Build.0 = Debug|Any CPU
		{587E70A3-5581-49B0-ACC7-BE7799551F3C}.Release|Any CPU.ActiveCfg = Release|Any CPU
		{587E70A3-5581-49B0-ACC7-BE7799551F3C}.Release|Any CPU.Build.0 = Release|Any CPU
		{56785126-8A57-4ED3-897E-8240400F4857}.Debug|Any CPU.ActiveCfg = Debug|Any CPU
		{56785126-8A57-4ED3-897E-8240400F4857}.Debug|Any CPU.Build.0 = Debug|Any CPU
		{56785126-8A57-4ED3-897E-8240400F4857}.Release|Any CPU.ActiveCfg = Release|Any CPU
		{56785126-8A57-4ED3-897E-8240400F4857}.Release|Any CPU.Build.0 = Release|Any CPU
		{FA135579-4A37-4C4B-9580-325A648EAB40}.Debug|Any CPU.ActiveCfg = Debug|Any CPU
		{FA135579-4A37-4C4B-9580-325A648EAB40}.Debug|Any CPU.Build.0 = Debug|Any CPU
		{FA135579-4A37-4C4B-9580-325A648EAB40}.Release|Any CPU.ActiveCfg = Release|Any CPU
		{FA135579-4A37-4C4B-9580-325A648EAB40}.Release|Any CPU.Build.0 = Release|Any CPU
		{E53D4FED-0626-4866-B500-D001AA8FC186}.Debug|Any CPU.ActiveCfg = Debug|Any CPU
		{E53D4FED-0626-4866-B500-D001AA8FC186}.Debug|Any CPU.Build.0 = Debug|Any CPU
		{E53D4FED-0626-4866-B500-D001AA8FC186}.Release|Any CPU.ActiveCfg = Release|Any CPU
		{E53D4FED-0626-4866-B500-D001AA8FC186}.Release|Any CPU.Build.0 = Release|Any CPU
		{B498A395-9710-4F98-AC7E-B1140A7C51A1}.Debug|Any CPU.ActiveCfg = Debug|Any CPU
		{B498A395-9710-4F98-AC7E-B1140A7C51A1}.Debug|Any CPU.Build.0 = Debug|Any CPU
		{B498A395-9710-4F98-AC7E-B1140A7C51A1}.Release|Any CPU.ActiveCfg = Release|Any CPU
		{B498A395-9710-4F98-AC7E-B1140A7C51A1}.Release|Any CPU.Build.0 = Release|Any CPU
		{A1062CBF-E476-4503-82EF-239A82CA7EA7}.Debug|Any CPU.ActiveCfg = Debug|Any CPU
		{A1062CBF-E476-4503-82EF-239A82CA7EA7}.Debug|Any CPU.Build.0 = Debug|Any CPU
		{A1062CBF-E476-4503-82EF-239A82CA7EA7}.Release|Any CPU.ActiveCfg = Release|Any CPU
		{A1062CBF-E476-4503-82EF-239A82CA7EA7}.Release|Any CPU.Build.0 = Release|Any CPU
		{5C80A24F-E673-4E73-8AA3-F520BE9DA34D}.Debug|Any CPU.ActiveCfg = Debug|Any CPU
		{5C80A24F-E673-4E73-8AA3-F520BE9DA34D}.Debug|Any CPU.Build.0 = Debug|Any CPU
		{5C80A24F-E673-4E73-8AA3-F520BE9DA34D}.Release|Any CPU.ActiveCfg = Release|Any CPU
		{5C80A24F-E673-4E73-8AA3-F520BE9DA34D}.Release|Any CPU.Build.0 = Release|Any CPU
		{3B18E168-E2B7-4212-B777-15CB5B9C1214}.Debug|Any CPU.ActiveCfg = Debug|Any CPU
		{3B18E168-E2B7-4212-B777-15CB5B9C1214}.Debug|Any CPU.Build.0 = Debug|Any CPU
		{3B18E168-E2B7-4212-B777-15CB5B9C1214}.Release|Any CPU.ActiveCfg = Release|Any CPU
		{3B18E168-E2B7-4212-B777-15CB5B9C1214}.Release|Any CPU.Build.0 = Release|Any CPU
		{44063821-92CD-4582-8CFE-FC45F17F7427}.Debug|Any CPU.ActiveCfg = Debug|Any CPU
		{44063821-92CD-4582-8CFE-FC45F17F7427}.Debug|Any CPU.Build.0 = Debug|Any CPU
		{44063821-92CD-4582-8CFE-FC45F17F7427}.Release|Any CPU.ActiveCfg = Release|Any CPU
		{44063821-92CD-4582-8CFE-FC45F17F7427}.Release|Any CPU.Build.0 = Release|Any CPU
		{0F912251-3651-45F5-8807-5982EA10038C}.Debug|Any CPU.ActiveCfg = Debug|Any CPU
		{0F912251-3651-45F5-8807-5982EA10038C}.Debug|Any CPU.Build.0 = Debug|Any CPU
		{0F912251-3651-45F5-8807-5982EA10038C}.Release|Any CPU.ActiveCfg = Release|Any CPU
		{0F912251-3651-45F5-8807-5982EA10038C}.Release|Any CPU.Build.0 = Release|Any CPU
		{603F84E8-3AFD-4296-9ECC-252A2B29670C}.Debug|Any CPU.ActiveCfg = Debug|Any CPU
		{603F84E8-3AFD-4296-9ECC-252A2B29670C}.Debug|Any CPU.Build.0 = Debug|Any CPU
		{603F84E8-3AFD-4296-9ECC-252A2B29670C}.Release|Any CPU.ActiveCfg = Release|Any CPU
		{603F84E8-3AFD-4296-9ECC-252A2B29670C}.Release|Any CPU.Build.0 = Release|Any CPU
		{26865BF8-6531-4E44-BCEF-7C993B69E256}.Debug|Any CPU.ActiveCfg = Debug|Any CPU
		{26865BF8-6531-4E44-BCEF-7C993B69E256}.Debug|Any CPU.Build.0 = Debug|Any CPU
		{26865BF8-6531-4E44-BCEF-7C993B69E256}.Release|Any CPU.ActiveCfg = Release|Any CPU
		{26865BF8-6531-4E44-BCEF-7C993B69E256}.Release|Any CPU.Build.0 = Release|Any CPU
		{7A40338B-A111-43A7-A090-5225191EFAF2}.Debug|Any CPU.ActiveCfg = Debug|Any CPU
		{7A40338B-A111-43A7-A090-5225191EFAF2}.Debug|Any CPU.Build.0 = Debug|Any CPU
		{7A40338B-A111-43A7-A090-5225191EFAF2}.Release|Any CPU.ActiveCfg = Release|Any CPU
		{7A40338B-A111-43A7-A090-5225191EFAF2}.Release|Any CPU.Build.0 = Release|Any CPU
		{6DB190C0-8131-4849-A542-11F1BA6E861E}.Debug|Any CPU.ActiveCfg = Debug|Any CPU
		{6DB190C0-8131-4849-A542-11F1BA6E861E}.Debug|Any CPU.Build.0 = Debug|Any CPU
		{6DB190C0-8131-4849-A542-11F1BA6E861E}.Release|Any CPU.ActiveCfg = Release|Any CPU
		{6DB190C0-8131-4849-A542-11F1BA6E861E}.Release|Any CPU.Build.0 = Release|Any CPU
		{94AF7856-D8A0-4E9E-882D-B5A5EAFAC520}.Debug|Any CPU.ActiveCfg = Debug|Any CPU
		{94AF7856-D8A0-4E9E-882D-B5A5EAFAC520}.Debug|Any CPU.Build.0 = Debug|Any CPU
		{94AF7856-D8A0-4E9E-882D-B5A5EAFAC520}.Release|Any CPU.ActiveCfg = Release|Any CPU
		{94AF7856-D8A0-4E9E-882D-B5A5EAFAC520}.Release|Any CPU.Build.0 = Release|Any CPU
		{AFC4D9D4-8B73-47B2-97ED-816E9D360F00}.Debug|Any CPU.ActiveCfg = Debug|Any CPU
		{AFC4D9D4-8B73-47B2-97ED-816E9D360F00}.Debug|Any CPU.Build.0 = Debug|Any CPU
		{AFC4D9D4-8B73-47B2-97ED-816E9D360F00}.Release|Any CPU.ActiveCfg = Release|Any CPU
		{AFC4D9D4-8B73-47B2-97ED-816E9D360F00}.Release|Any CPU.Build.0 = Release|Any CPU
		{CAC59358-7867-430A-93F6-9803BDC2CD6B}.Debug|Any CPU.ActiveCfg = Debug|Any CPU
		{CAC59358-7867-430A-93F6-9803BDC2CD6B}.Debug|Any CPU.Build.0 = Debug|Any CPU
		{CAC59358-7867-430A-93F6-9803BDC2CD6B}.Release|Any CPU.ActiveCfg = Release|Any CPU
		{CAC59358-7867-430A-93F6-9803BDC2CD6B}.Release|Any CPU.Build.0 = Release|Any CPU
		{C3804FB6-DE58-48B6-8B37-FCFE39C0B97F}.Debug|Any CPU.ActiveCfg = Debug|Any CPU
		{C3804FB6-DE58-48B6-8B37-FCFE39C0B97F}.Debug|Any CPU.Build.0 = Debug|Any CPU
		{C3804FB6-DE58-48B6-8B37-FCFE39C0B97F}.Release|Any CPU.ActiveCfg = Release|Any CPU
		{C3804FB6-DE58-48B6-8B37-FCFE39C0B97F}.Release|Any CPU.Build.0 = Release|Any CPU
		{7748B51E-9AD0-456B-B9A2-2E3BCB99C65A}.Debug|Any CPU.ActiveCfg = Debug|Any CPU
		{7748B51E-9AD0-456B-B9A2-2E3BCB99C65A}.Debug|Any CPU.Build.0 = Debug|Any CPU
		{7748B51E-9AD0-456B-B9A2-2E3BCB99C65A}.Release|Any CPU.ActiveCfg = Release|Any CPU
		{7748B51E-9AD0-456B-B9A2-2E3BCB99C65A}.Release|Any CPU.Build.0 = Release|Any CPU
		{D68E8F49-4F2B-43A1-BFF2-BAB6EBB171B8}.Debug|Any CPU.ActiveCfg = Debug|Any CPU
		{D68E8F49-4F2B-43A1-BFF2-BAB6EBB171B8}.Debug|Any CPU.Build.0 = Debug|Any CPU
		{D68E8F49-4F2B-43A1-BFF2-BAB6EBB171B8}.Release|Any CPU.ActiveCfg = Release|Any CPU
		{D68E8F49-4F2B-43A1-BFF2-BAB6EBB171B8}.Release|Any CPU.Build.0 = Release|Any CPU
		{031A4CD6-EEDB-4B79-9539-B195AAFBDB00}.Debug|Any CPU.ActiveCfg = Debug|Any CPU
		{031A4CD6-EEDB-4B79-9539-B195AAFBDB00}.Debug|Any CPU.Build.0 = Debug|Any CPU
		{031A4CD6-EEDB-4B79-9539-B195AAFBDB00}.Release|Any CPU.ActiveCfg = Release|Any CPU
		{031A4CD6-EEDB-4B79-9539-B195AAFBDB00}.Release|Any CPU.Build.0 = Release|Any CPU
	EndGlobalSection
	GlobalSection(SolutionProperties) = preSolution
		HideSolutionNode = FALSE
	EndGlobalSection
	GlobalSection(NestedProjects) = preSolution
		{8A755DDE-8D1F-4177-9438-F9DD82CAB081} = {02217D61-9364-4118-989A-D19AAA270FEF}
		{9D52F980-2D9C-4BE6-AF0A-259887208C76} = {2A5E4899-3EA6-46E6-B79D-ADEDE7EA5348}
		{8B46E7BE-C3FE-4E88-AE90-0155482F6AA6} = {9D52F980-2D9C-4BE6-AF0A-259887208C76}
		{F93FFD62-7063-4C90-8011-EC653E24711F} = {2A5E4899-3EA6-46E6-B79D-ADEDE7EA5348}
		{F7CB6C21-A61C-4071-ADBA-DDFFC08B1BBE} = {F93FFD62-7063-4C90-8011-EC653E24711F}
		{9CA510F8-6762-4CC7-91C5-8E1F20F8A75B} = {F93FFD62-7063-4C90-8011-EC653E24711F}
		{667A1453-747F-471E-8433-07D5308F458D} = {F93FFD62-7063-4C90-8011-EC653E24711F}
		{AA3A0559-BFA5-4695-984F-FA1235976C06} = {F93FFD62-7063-4C90-8011-EC653E24711F}
		{587E70A3-5581-49B0-ACC7-BE7799551F3C} = {9CA510F8-6762-4CC7-91C5-8E1F20F8A75B}
		{56785126-8A57-4ED3-897E-8240400F4857} = {F7CB6C21-A61C-4071-ADBA-DDFFC08B1BBE}
		{FA135579-4A37-4C4B-9580-325A648EAB40} = {667A1453-747F-471E-8433-07D5308F458D}
		{E53D4FED-0626-4866-B500-D001AA8FC186} = {AA3A0559-BFA5-4695-984F-FA1235976C06}
		{B498A395-9710-4F98-AC7E-B1140A7C51A1} = {4B4D83F9-A9A1-4C38-8C52-31F8A35F8754}
		{A1062CBF-E476-4503-82EF-239A82CA7EA7} = {4B4D83F9-A9A1-4C38-8C52-31F8A35F8754}
		{EC251316-87EA-4AE4-917D-42C5E3D27452} = {9D52F980-2D9C-4BE6-AF0A-259887208C76}
		{5C80A24F-E673-4E73-8AA3-F520BE9DA34D} = {EC251316-87EA-4AE4-917D-42C5E3D27452}
		{3B18E168-E2B7-4212-B777-15CB5B9C1214} = {EC251316-87EA-4AE4-917D-42C5E3D27452}
		{44063821-92CD-4582-8CFE-FC45F17F7427} = {EC251316-87EA-4AE4-917D-42C5E3D27452}
		{0F912251-3651-45F5-8807-5982EA10038C} = {EC251316-87EA-4AE4-917D-42C5E3D27452}
		{603F84E8-3AFD-4296-9ECC-252A2B29670C} = {02217D61-9364-4118-989A-D19AAA270FEF}
		{7223A21E-EC80-419A-9D2C-BC4D3AFDDF12} = {9D52F980-2D9C-4BE6-AF0A-259887208C76}
		{26865BF8-6531-4E44-BCEF-7C993B69E256} = {7223A21E-EC80-419A-9D2C-BC4D3AFDDF12}
		{7A40338B-A111-43A7-A090-5225191EFAF2} = {7223A21E-EC80-419A-9D2C-BC4D3AFDDF12}
		{6DB190C0-8131-4849-A542-11F1BA6E861E} = {7223A21E-EC80-419A-9D2C-BC4D3AFDDF12}
		{94AF7856-D8A0-4E9E-882D-B5A5EAFAC520} = {7223A21E-EC80-419A-9D2C-BC4D3AFDDF12}
		{B56A69C7-E4A5-45A4-9C58-99993343B023} = {9D52F980-2D9C-4BE6-AF0A-259887208C76}
		{AFC4D9D4-8B73-47B2-97ED-816E9D360F00} = {4B4D83F9-A9A1-4C38-8C52-31F8A35F8754}
		{CAC59358-7867-430A-93F6-9803BDC2CD6B} = {B56A69C7-E4A5-45A4-9C58-99993343B023}
		{C3804FB6-DE58-48B6-8B37-FCFE39C0B97F} = {B56A69C7-E4A5-45A4-9C58-99993343B023}
		{7748B51E-9AD0-456B-B9A2-2E3BCB99C65A} = {B56A69C7-E4A5-45A4-9C58-99993343B023}
		{D68E8F49-4F2B-43A1-BFF2-BAB6EBB171B8} = {B56A69C7-E4A5-45A4-9C58-99993343B023}
		{031A4CD6-EEDB-4B79-9539-B195AAFBDB00} = {4B4D83F9-A9A1-4C38-8C52-31F8A35F8754}
	EndGlobalSection
	GlobalSection(ExtensibilityGlobals) = postSolution
		SolutionGuid = {20B77252-D979-4169-AB40-93EF2533A116}
	EndGlobalSection
EndGlobal
